{
  "nodes": {
    "autodocodec": {
      "flake": false,
      "locked": {
        "lastModified": 1739562847,
        "narHash": "sha256-E5EnhdwNCQ4mwMI7rErFqoYLm3zFz1NgfUt6LzpTFPY=",
        "owner": "NorfairKing",
        "repo": "autodocodec",
        "rev": "7439601de128dadf562430f4216cbdb28580ed20",
        "type": "github"
      },
      "original": {
        "owner": "NorfairKing",
        "repo": "autodocodec",
        "type": "github"
      }
    },
    "dekking": {
      "flake": false,
      "locked": {
        "lastModified": 1726247332,
        "narHash": "sha256-hNcGg+efonW83ZtHHmG/QD98F7mxR1mNyeIqDclmXq0=",
        "owner": "NorfairKing",
        "repo": "dekking",
        "rev": "4febcaad7bf05604c9ae1c7ca1f8459dd5199275",
        "type": "github"
      },
      "original": {
        "owner": "NorfairKing",
        "repo": "dekking",
        "type": "github"
      }
    },
    "fast-myers-diff": {
      "flake": false,
      "locked": {
        "lastModified": 1736948652,
        "narHash": "sha256-0iARqmAefoyDk+z1A5D2pyG9JEbdTCkI1zBrTwDviiU=",
        "owner": "NorfairKing",
        "repo": "fast-myers-diff",
        "rev": "4a5c31884b8fc399085bffacd15d6cb5624b3177",
        "type": "github"
      },
      "original": {
        "owner": "NorfairKing",
        "repo": "fast-myers-diff",
        "type": "github"
      }
    },
    "flake-compat": {
      "flake": false,
      "locked": {
        "lastModified": 1696426674,
        "narHash": "sha256-kvjfFW7WAETZlt09AgDn1MrtKzP7t90Vf7vypd3OL1U=",
        "owner": "edolstra",
        "repo": "flake-compat",
        "rev": "0f9255e01c2351cc7d116c072cb317785dd33b33",
        "type": "github"
      },
      "original": {
        "owner": "edolstra",
        "repo": "flake-compat",
        "type": "github"
      }
    },
    "gitignore": {
      "inputs": {
        "nixpkgs": [
          "pre-commit-hooks",
          "nixpkgs"
        ]
      },
      "locked": {
        "lastModified": 1709087332,
        "narHash": "sha256-HG2cCnktfHsKV0s4XW83gU3F57gaTljL9KNSuG6bnQs=",
        "owner": "hercules-ci",
        "repo": "gitignore.nix",
        "rev": "637db329424fd7e46cf4185293b9cc8c88c95394",
        "type": "github"
      },
      "original": {
        "owner": "hercules-ci",
        "repo": "gitignore.nix",
        "type": "github"
      }
    },
    "nixpkgs": {
      "locked": {
        "lastModified": 1741862977,
        "narHash": "sha256-prZ0M8vE/ghRGGZcflvxCu40ObKaB+ikn74/xQoNrGQ=",
        "owner": "NixOS",
        "repo": "nixpkgs",
        "rev": "cdd2ef009676ac92b715ff26630164bb88fec4e0",
        "type": "github"
      },
      "original": {
        "owner": "NixOS",
        "ref": "nixos-24.11",
        "repo": "nixpkgs",
        "type": "github"
      }
    },
    "nixpkgs_2": {
      "locked": {
        "lastModified": 1730768919,
        "narHash": "sha256-8AKquNnnSaJRXZxc5YmF/WfmxiHX6MMZZasRP6RRQkE=",
        "owner": "NixOS",
        "repo": "nixpkgs",
        "rev": "a04d33c0c3f1a59a2c1cb0c6e34cd24500e5a1dc",
        "type": "github"
      },
      "original": {
        "owner": "NixOS",
        "ref": "nixpkgs-unstable",
        "repo": "nixpkgs",
        "type": "github"
      }
    },
    "opt-env-conf": {
      "flake": false,
      "locked": {
        "lastModified": 1741810895,
        "narHash": "sha256-nOAxBVg6Wr8GREhHuspGetnZbDaSHMLWkl0GRkhAbpM=",
        "owner": "NorfairKing",
        "repo": "opt-env-conf",
        "rev": "f1a744f9497e0c0e017262dfa24b7aefe5250dd0",
        "type": "github"
      },
      "original": {
        "owner": "NorfairKing",
        "repo": "opt-env-conf",
        "type": "github"
      }
    },
    "pre-commit-hooks": {
      "inputs": {
        "flake-compat": "flake-compat",
        "gitignore": "gitignore",
        "nixpkgs": "nixpkgs_2"
      },
      "locked": {
        "lastModified": 1742058297,
        "narHash": "sha256-b4SZc6TkKw8WQQssbN5O2DaCEzmFfvSTPYHlx/SFW9Y=",
        "owner": "cachix",
        "repo": "pre-commit-hooks.nix",
        "rev": "59f17850021620cd348ad2e9c0c64f4e6325ce2a",
        "type": "github"
      },
      "original": {
        "owner": "cachix",
        "repo": "pre-commit-hooks.nix",
        "type": "github"
      }
    },
    "root": {
      "inputs": {
        "autodocodec": "autodocodec",
        "dekking": "dekking",
        "fast-myers-diff": "fast-myers-diff",
        "nixpkgs": "nixpkgs",
        "opt-env-conf": "opt-env-conf",
        "pre-commit-hooks": "pre-commit-hooks",
        "safe-coloured-text": "safe-coloured-text",
        "sydtest": "sydtest",
        "validity": "validity",
        "weeder-nix": "weeder-nix"
      }
    },
    "safe-coloured-text": {
      "flake": false,
      "locked": {
        "lastModified": 1728774106,
        "narHash": "sha256-Xfv5izJtsdQ9MFhglkcEjJH4LlZ2m4Wmq+JJgMvnytc=",
        "owner": "NorfairKing",
        "repo": "safe-coloured-text",
        "rev": "9ed65a40b3b2fade447c9d5fcb941d58f6367308",
        "type": "github"
      },
      "original": {
        "owner": "NorfairKing",
        "repo": "safe-coloured-text",
        "type": "github"
      }
    },
    "sydtest": {
      "flake": false,
      "locked": {
        "lastModified": 1740953776,
        "narHash": "sha256-9psvCf7wEaha//AqIJaQEriwSk6pmD0eJYsY/Zj+ya0=",
        "owner": "NorfairKing",
        "repo": "sydtest",
        "rev": "b3dae9112c1b1ebc77be22bc23bd6a5a487c99f0",
        "type": "github"
      },
      "original": {
        "owner": "NorfairKing",
        "repo": "sydtest",
        "type": "github"
      }
    },
    "validity": {
      "flake": false,
      "locked": {
        "lastModified": 1728772377,
        "narHash": "sha256-5hHY8A8lO87G9TQLjwqCFzXmFMeXE71jeanuqHTS3T8=",
        "owner": "NorfairKing",
        "repo": "validity",
        "rev": "512aea6e0a112f5df09cc0b08f7fceffb122abc6",
        "type": "github"
      },
      "original": {
        "owner": "NorfairKing",
        "repo": "validity",
        "type": "github"
      }
    },
    "weeder-nix": {
      "flake": false,
      "locked": {
        "lastModified": 1729991163,
        "narHash": "sha256-eIa/gD+zPSxIj2Iak7tk5xND5rC+eEwfSwRAT/6tkms=",
        "owner": "NorfairKing",
        "repo": "weeder-nix",
        "rev": "91127e9981b1bbfae0207e12bea8211268f56080",
        "type": "github"
      },
      "original": {
        "owner": "NorfairKing",
        "repo": "weeder-nix",
        "type": "github"
      }
    }
  },
  "root": "root",
  "version": 7
}
